
Microsoft Visual Studio Solution File, Format Version 12.00
# Visual Studio 15
VisualStudioVersion = 15.0.28307.421
MinimumVisualStudioVersion = 10.0.40219.1
Project("{FAE04EC0-301F-11D3-BF4B-00C04F79EFBC}") = "DosyadanOku", "DosyadanOku\DosyadanOku.csproj", "{6DC9E1AF-C7B2-4C12-9206-67C135F04248}"
EndProject
Global
	GlobalSection(SolutionConfigurationPlatforms) = preSolution
		Debug|Any CPU = Debug|Any CPU
		Release|Any CPU = Release|Any CPU
	EndGlobalSection
	GlobalSection(ProjectConfigurationPlatforms) = postSolution
		{6DC9E1AF-C7B2-4C12-9206-67C135F04248}.Debug|Any CPU.ActiveCfg = Debug|Any CPU
		{6DC9E1AF-C7B2-4C12-9206-67C135F04248}.Debug|Any CPU.Build.0 = Debug|Any CPU
		{6DC9E1AF-C7B2-4C12-9206-67C135F04248}.Release|Any CPU.ActiveCfg = Release|Any CPU
		{6DC9E1AF-C7B2-4C12-9206-67C135F04248}.Release|Any CPU.Build.0 = Release|Any CPU
	EndGlobalSection
	GlobalSection(SolutionProperties) = preSolution
		HideSolutionNode = FALSE
	EndGlobalSection
	GlobalSection(ExtensibilityGlobals) = postSolution
		SolutionGuid = {E2FA524E-B4E5-4239-A9E9-00C793A41973}
	EndGlobalSection
EndGlobal
